
Microsoft Visual Studio Solution File, Format Version 12.00
# Visual Studio 15
VisualStudioVersion = 15.0.26124.0
MinimumVisualStudioVersion = 15.0.26124.0
Project("{F2A71F9B-5D33-465A-A702-920D77279786}") = "Advent", "Advent\Advent.fsproj", "{C5ED9EA0-8891-4E57-ACA0-F85D16EEB6F8}"
EndProject
Project("{F2A71F9B-5D33-465A-A702-920D77279786}") = "AdventConsole", "AdventConsole\AdventConsole.fsproj", "{BD409BEA-0C15-46F1-88D6-D826BCA107F2}"
EndProject
Project("{F2A71F9B-5D33-465A-A702-920D77279786}") = "AdventTest", "AdventTest\AdventTest.fsproj", "{9142A187-0B78-438A-8BD5-CDE6E3421C6B}"
EndProject
Global
	GlobalSection(SolutionConfigurationPlatforms) = preSolution
		Debug|Any CPU = Debug|Any CPU
		Debug|x64 = Debug|x64
		Debug|x86 = Debug|x86
		Release|Any CPU = Release|Any CPU
		Release|x64 = Release|x64
		Release|x86 = Release|x86
	EndGlobalSection
	GlobalSection(SolutionProperties) = preSolution
		HideSolutionNode = FALSE
	EndGlobalSection
	GlobalSection(ProjectConfigurationPlatforms) = postSolution
		{C5ED9EA0-8891-4E57-ACA0-F85D16EEB6F8}.Debug|Any CPU.ActiveCfg = Debug|Any CPU
		{C5ED9EA0-8891-4E57-ACA0-F85D16EEB6F8}.Debug|Any CPU.Build.0 = Debug|Any CPU
		{C5ED9EA0-8891-4E57-ACA0-F85D16EEB6F8}.Debug|x64.ActiveCfg = Debug|Any CPU
		{C5ED9EA0-8891-4E57-ACA0-F85D16EEB6F8}.Debug|x64.Build.0 = Debug|Any CPU
		{C5ED9EA0-8891-4E57-ACA0-F85D16EEB6F8}.Debug|x86.ActiveCfg = Debug|Any CPU
		{C5ED9EA0-8891-4E57-ACA0-F85D16EEB6F8}.Debug|x86.Build.0 = Debug|Any CPU
		{C5ED9EA0-8891-4E57-ACA0-F85D16EEB6F8}.Release|Any CPU.ActiveCfg = Release|Any CPU
		{C5ED9EA0-8891-4E57-ACA0-F85D16EEB6F8}.Release|Any CPU.Build.0 = Release|Any CPU
		{C5ED9EA0-8891-4E57-ACA0-F85D16EEB6F8}.Release|x64.ActiveCfg = Release|Any CPU
		{C5ED9EA0-8891-4E57-ACA0-F85D16EEB6F8}.Release|x64.Build.0 = Release|Any CPU
		{C5ED9EA0-8891-4E57-ACA0-F85D16EEB6F8}.Release|x86.ActiveCfg = Release|Any CPU
		{C5ED9EA0-8891-4E57-ACA0-F85D16EEB6F8}.Release|x86.Build.0 = Release|Any CPU
		{BD409BEA-0C15-46F1-88D6-D826BCA107F2}.Debug|Any CPU.ActiveCfg = Debug|Any CPU
		{BD409BEA-0C15-46F1-88D6-D826BCA107F2}.Debug|Any CPU.Build.0 = Debug|Any CPU
		{BD409BEA-0C15-46F1-88D6-D826BCA107F2}.Debug|x64.ActiveCfg = Debug|Any CPU
		{BD409BEA-0C15-46F1-88D6-D826BCA107F2}.Debug|x64.Build.0 = Debug|Any CPU
		{BD409BEA-0C15-46F1-88D6-D826BCA107F2}.Debug|x86.ActiveCfg = Debug|Any CPU
		{BD409BEA-0C15-46F1-88D6-D826BCA107F2}.Debug|x86.Build.0 = Debug|Any CPU
		{BD409BEA-0C15-46F1-88D6-D826BCA107F2}.Release|Any CPU.ActiveCfg = Release|Any CPU
		{BD409BEA-0C15-46F1-88D6-D826BCA107F2}.Release|Any CPU.Build.0 = Release|Any CPU
		{BD409BEA-0C15-46F1-88D6-D826BCA107F2}.Release|x64.ActiveCfg = Release|Any CPU
		{BD409BEA-0C15-46F1-88D6-D826BCA107F2}.Release|x64.Build.0 = Release|Any CPU
		{BD409BEA-0C15-46F1-88D6-D826BCA107F2}.Release|x86.ActiveCfg = Release|Any CPU
		{BD409BEA-0C15-46F1-88D6-D826BCA107F2}.Release|x86.Build.0 = Release|Any CPU
		{9142A187-0B78-438A-8BD5-CDE6E3421C6B}.Debug|Any CPU.ActiveCfg = Debug|Any CPU
		{9142A187-0B78-438A-8BD5-CDE6E3421C6B}.Debug|Any CPU.Build.0 = Debug|Any CPU
		{9142A187-0B78-438A-8BD5-CDE6E3421C6B}.Debug|x64.ActiveCfg = Debug|Any CPU
		{9142A187-0B78-438A-8BD5-CDE6E3421C6B}.Debug|x64.Build.0 = Debug|Any CPU
		{9142A187-0B78-438A-8BD5-CDE6E3421C6B}.Debug|x86.ActiveCfg = Debug|Any CPU
		{9142A187-0B78-438A-8BD5-CDE6E3421C6B}.Debug|x86.Build.0 = Debug|Any CPU
		{9142A187-0B78-438A-8BD5-CDE6E3421C6B}.Release|Any CPU.ActiveCfg = Release|Any CPU
		{9142A187-0B78-438A-8BD5-CDE6E3421C6B}.Release|Any CPU.Build.0 = Release|Any CPU
		{9142A187-0B78-438A-8BD5-CDE6E3421C6B}.Release|x64.ActiveCfg = Release|Any CPU
		{9142A187-0B78-438A-8BD5-CDE6E3421C6B}.Release|x64.Build.0 = Release|Any CPU
		{9142A187-0B78-438A-8BD5-CDE6E3421C6B}.Release|x86.ActiveCfg = Release|Any CPU
		{9142A187-0B78-438A-8BD5-CDE6E3421C6B}.Release|x86.Build.0 = Release|Any CPU
	EndGlobalSection
EndGlobal
